
Microsoft Visual Studio Solution File, Format Version 12.00
# Visual Studio Version 16
VisualStudioVersion = 16.0.30128.74
MinimumVisualStudioVersion = 10.0.40219.1
Project("{9A19103F-16F7-4668-BE54-9A1E7A4F7556}") = "TeacherService", "TeacherService.csproj", "{1C0A04CA-460D-4967-B429-7B90205EEE66}"
EndProject
Project("{2150E333-8FDC-42A3-9474-1A3956D46DE8}") = "Solution Items", "Solution Items", "{C1625B11-9381-407A-9E9F-C53CF6D44353}"
	ProjectSection(SolutionItems) = preProject
		.editorconfig = .editorconfig
	EndProjectSection
EndProject
Global
	GlobalSection(SolutionConfigurationPlatforms) = preSolution
		Debug|Any CPU = Debug|Any CPU
		Release|Any CPU = Release|Any CPU
	EndGlobalSection
	GlobalSection(ProjectConfigurationPlatforms) = postSolution
		{1C0A04CA-460D-4967-B429-7B90205EEE66}.Debug|Any CPU.ActiveCfg = Debug|Any CPU
		{1C0A04CA-460D-4967-B429-7B90205EEE66}.Debug|Any CPU.Build.0 = Debug|Any CPU
		{1C0A04CA-460D-4967-B429-7B90205EEE66}.Release|Any CPU.ActiveCfg = Release|Any CPU
		{1C0A04CA-460D-4967-B429-7B90205EEE66}.Release|Any CPU.Build.0 = Release|Any CPU
	EndGlobalSection
	GlobalSection(SolutionProperties) = preSolution
		HideSolutionNode = FALSE
	EndGlobalSection
	GlobalSection(ExtensibilityGlobals) = postSolution
		SolutionGuid = {AF4860BA-A14E-4C55-B8CD-7ED920BF437E}
	EndGlobalSection
EndGlobal
